// !$*UTF8*$!
{
	archiveVersion = 1;
	classes = {
	};
	objectVersion = 56;
	objects = {

/* Begin PBXBuildFile section */
		65EEEDE129DFC65D0067895E /* AppDelegate.m in Sources */ = {isa = PBXBuildFile; fileRef = 65EEEDE029DFC65D0067895E /* AppDelegate.m */; };
		65EEEDE429DFC65D0067895E /* SceneDelegate.m in Sources */ = {isa = PBXBuildFile; fileRef = 65EEEDE329DFC65D0067895E /* SceneDelegate.m */; };
		65EEEDE729DFC65D0067895E /* ViewController.m in Sources */ = {isa = PBXBuildFile; fileRef = 65EEEDE629DFC65D0067895E /* ViewController.m */; };
		65EEEDEA29DFC65D0067895E /* Main.storyboard in Resources */ = {isa = PBXBuildFile; fileRef = 65EEEDE829DFC65D0067895E /* Main.storyboard */; };
		65EEEDEC29DFC65F0067895E /* Assets.xcassets in Resources */ = {isa = PBXBuildFile; fileRef = 65EEEDEB29DFC65F0067895E /* Assets.xcassets */; };
		65EEEDEF29DFC65F0067895E /* LaunchScreen.storyboard in Resources */ = {isa = PBXBuildFile; fileRef = 65EEEDED29DFC65F0067895E /* LaunchScreen.storyboard */; };
		65EEEDF229DFC65F0067895E /* main.m in Sources */ = {isa = PBXBuildFile; fileRef = 65EEEDF129DFC65F0067895E /* main.m */; };
/* End PBXBuildFile section */

/* Begin PBXFileReference section */
		65EEEDDC29DFC65D0067895E /* CTMediatorDemo.app */ = {isa = PBXFileReference; explicitFileType = wrapper.application; includeInIndex = 0; path = CTMediatorDemo.app; sourceTree = BUILT_PRODUCTS_DIR; };
		65EEEDDF29DFC65D0067895E /* AppDelegate.h */ = {isa = PBXFileReference; lastKnownFileType = sourcecode.c.h; path = AppDelegate.h; sourceTree = "<group>"; };
		65EEEDE029DFC65D0067895E /* AppDelegate.m */ = {isa = PBXFileReference; lastKnownFileType = sourcecode.c.objc; path = AppDelegate.m; sourceTree = "<group>"; };
		65EEEDE229DFC65D0067895E /* SceneDelegate.h */ = {isa = PBXFileReference; lastKnownFileType = sourcecode.c.h; path = SceneDelegate.h; sourceTree = "<group>"; };
		65EEEDE329DFC65D0067895E /* SceneDelegate.m */ = {isa = PBXFileReference; lastKnownFileType = sourcecode.c.objc; path = SceneDelegate.m; sourceTree = "<group>"; };
		65EEEDE529DFC65D0067895E /* ViewController.h */ = {isa = PBXFileReference; lastKnownFileType = sourcecode.c.h; path = ViewController.h; sourceTree = "<group>"; };
		65EEEDE629DFC65D0067895E /* ViewController.m */ = {isa = PBXFileReference; lastKnownFileType = sourcecode.c.objc; path = ViewController.m; sourceTree = "<group>"; };
		65EEEDE929DFC65D0067895E /* Base */ = {isa = PBXFileReference; lastKnownFileType = file.storyboard; name = Base; path = Base.lproj/Main.storyboard; sourceTree = "<group>"; };
		65EEEDEB29DFC65F0067895E /* Assets.xcassets */ = {isa = PBXFileReference; lastKnownFileType = folder.assetcatalog; path = Assets.xcassets; sourceTree = "<group>"; };
		65EEEDEE29DFC65F0067895E /* Base */ = {isa = PBXFileReference; lastKnownFileType = file.storyboard; name = Base; path = Base.lproj/LaunchScreen.storyboard; sourceTree = "<group>"; };
		65EEEDF029DFC65F0067895E /* Info.plist */ = {isa = PBXFileReference; lastKnownFileType = text.plist.xml; path = Info.plist; sourceTree = "<group>"; };
		65EEEDF129DFC65F0067895E /* main.m */ = {isa = PBXFileReference; lastKnownFileType = sourcecode.c.objc; path = main.m; sourceTree = "<group>"; };
/* End PBXFileReference section */

/* Begin PBXFrameworksBuildPhase section */
		65EEEDD929DFC65D0067895E /* Frameworks */ = {
			isa = PBXFrameworksBuildPhase;
			buildActionMask = 2147483647;
			files = (
			);
			runOnlyForDeploymentPostprocessing = 0;
		};
/* End PBXFrameworksBuildPhase section */

/* Begin PBXGroup section */
		65EEEDD329DFC65D0067895E = {
			isa = PBXGroup;
			children = (
				65EEEDDE29DFC65D0067895E /* CTMediatorDemo */,
				65EEEDDD29DFC65D0067895E /* Products */,
			);
			sourceTree = "<group>";
		};
		65EEEDDD29DFC65D0067895E /* Products */ = {
			isa = PBXGroup;
			children = (
				65EEEDDC29DFC65D0067895E /* CTMediatorDemo.app */,
			);
			name = Products;
			sourceTree = "<group>";
		};
		65EEEDDE29DFC65D0067895E /* CTMediatorDemo */ = {
			isa = PBXGroup;
			children = (
				65EEEDDF29DFC65D0067895E /* AppDelegate.h */,
				65EEEDE029DFC65D0067895E /* AppDelegate.m */,
				65EEEDE229DFC65D0067895E /* SceneDelegate.h */,
				65EEEDE329DFC65D0067895E /* SceneDelegate.m */,
				65EEEDE529DFC65D0067895E /* ViewController.h */,
				65EEEDE629DFC65D0067895E /* ViewController.m */,
				65EEEDE829DFC65D0067895E /* Main.storyboard */,
				65EEEDEB29DFC65F0067895E /* Assets.xcassets */,
				65EEEDED29DFC65F0067895E /* LaunchScreen.storyboard */,
				65EEEDF029DFC65F0067895E /* Info.plist */,
				65EEEDF129DFC65F0067895E /* main.m */,
			);
			path = CTMediatorDemo;
			sourceTree = "<group>";
		};
/* End PBXGroup section */

/* Begin PBXNativeTarget section */
		65EEEDDB29DFC65D0067895E /* CTMediatorDemo */ = {
			isa = PBXNativeTarget;
			buildConfigurationList = 65EEEDF529DFC65F0067895E /* Build configuration list for PBXNativeTarget "CTMediatorDemo" */;
			buildPhases = (
				65EEEDD829DFC65D0067895E /* Sources */,
				65EEEDD929DFC65D0067895E /* Frameworks */,
				65EEEDDA29DFC65D0067895E /* Resources */,
			);
			buildRules = (
			);
			dependencies = (
			);
			name = CTMediatorDemo;
			productName = CTMediatorDemo;
			productReference = 65EEEDDC29DFC65D0067895E /* CTMediatorDemo.app */;
			productType = "com.apple.product-type.application";
		};
/* End PBXNativeTarget section */

/* Begin PBXProject section */
		65EEEDD429DFC65D0067895E /* Project object */ = {
			isa = PBXProject;
			attributes = {
				BuildIndependentTargetsInParallel = 1;
				LastUpgradeCheck = 1420;
				TargetAttributes = {
					65EEEDDB29DFC65D0067895E = {
						CreatedOnToolsVersion = 14.2;
					};
				};
			};
			buildConfigurationList = 65EEEDD729DFC65D0067895E /* Build configuration list for PBXProject "CTMediatorDemo" */;
			compatibilityVersion = "Xcode 14.0";
			developmentRegion = en;
			hasScannedForEncodings = 0;
			knownRegions = (
				en,
				Base,
			);
			mainGroup = 65EEEDD329DFC65D0067895E;
			productRefGroup = 65EEEDDD29DFC65D0067895E /* Products */;
			projectDirPath = "";
			projectRoot = "";
			targets = (
				65EEEDDB29DFC65D0067895E /* CTMediatorDemo */,
			);
		};
/* End PBXProject section */

/* Begin PBXResourcesBuildPhase section */
		65EEEDDA29DFC65D0067895E /* Resources */ = {
			isa = PBXResourcesBuildPhase;
			buildActionMask = 2147483647;
			files = (
				65EEEDEF29DFC65F0067895E /* LaunchScreen.storyboard in Resources */,
				65EEEDEC29DFC65F0067895E /* Assets.xcassets in Resources */,
				65EEEDEA29DFC65D0067895E /* Main.storyboard in Resources */,
			);
			runOnlyForDeploymentPostprocessing = 0;
		};
/* End PBXResourcesBuildPhase section */

/* Begin PBXSourcesBuildPhase section */
		65EEEDD829DFC65D0067895E /* Sources */ = {
			isa = PBXSourcesBuildPhase;
			buildActionMask = 2147483647;
			files = (
				65EEEDE729DFC65D0067895E /* ViewController.m in Sources */,
				65EEEDE129DFC65D0067895E /* AppDelegate.m in Sources */,
				65EEEDF229DFC65F0067895E /* main.m in Sources */,
				65EEEDE429DFC65D0067895E /* SceneDelegate.m in Sources */,
			);
			runOnlyForDeploymentPostprocessing = 0;
		};
/* End PBXSourcesBuildPhase section */

/* Begin PBXVariantGroup section */
		65EEEDE829DFC65D0067895E /* Main.storyboard */ = {
			isa = PBXVariantGroup;
			children = (
				65EEEDE929DFC65D0067895E /* Base */,
			);
			name = Main.storyboard;
			sourceTree = "<group>";
		};
		65EEEDED29DFC65F0067895E /* LaunchScreen.storyboard */ = {
			isa = PBXVariantGroup;
			children = (
				65EEEDEE29DFC65F0067895E /* Base */,
			);
			name = LaunchScreen.storyboard;
			sourceTree = "<group>";
		};
/* End PBXVariantGroup section */

/* Begin XCBuildConfiguration section */
		65EEEDF329DFC65F0067895E /* Debug */ = {
			isa = XCBuildConfiguration;
			buildSettings = {
				ALWAYS_SEARCH_USER_PATHS = NO;
				CLANG_ANALYZER_NONNULL = YES;
				CLANG_ANALYZER_NUMBER_OBJECT_CONVERSION = YES_AGGRESSIVE;
				CLANG_CXX_LANGUAGE_STANDARD = "gnu++20";
				CLANG_ENABLE_MODULES = YES;
				CLANG_ENABLE_OBJC_ARC = YES;
				CLANG_ENABLE_OBJC_WEAK = YES;
				CLANG_WARN_BLOCK_CAPTURE_AUTORELEASING = YES;
				CLANG_WARN_BOOL_CONVERSION = YES;
				CLANG_WARN_COMMA = YES;
				CLANG_WARN_CONSTANT_CONVERSION = YES;
				CLANG_WARN_DEPRECATED_OBJC_IMPLEMENTATIONS = YES;
				CLANG_WARN_DIRECT_OBJC_ISA_USAGE = YES_ERROR;
				CLANG_WARN_DOCUMENTATION_COMMENTS = YES;
				CLANG_WARN_EMPTY_BODY = YES;
				CLANG_WARN_ENUM_CONVERSION = YES;
				CLANG_WARN_INFINITE_RECURSION = YES;
				CLANG_WARN_INT_CONVERSION = YES;
				CLANG_WARN_NON_LITERAL_NULL_CONVERSION = YES;
				CLANG_WARN_OBJC_IMPLICIT_RETAIN_SELF = YES;
				CLANG_WARN_OBJC_LITERAL_CONVERSION = YES;
				CLANG_WARN_OBJC_ROOT_CLASS = YES_ERROR;
				CLANG_WARN_QUOTED_INCLUDE_IN_FRAMEWORK_HEADER = YES;
				CLANG_WARN_RANGE_LOOP_ANALYSIS = YES;
				CLANG_WARN_STRICT_PROTOTYPES = YES;
				CLANG_WARN_SUSPICIOUS_MOVE = YES;
				CLANG_WARN_UNGUARDED_AVAILABILITY = YES_AGGRESSIVE;
				CLANG_WARN_UNREACHABLE_CODE = YES;
				CLANG_WARN__DUPLICATE_METHOD_MATCH = YES;
				COPY_PHASE_STRIP = NO;
				DEBUG_INFORMATION_FORMAT = dwarf;
				ENABLE_STRICT_OBJC_MSGSEND = YES;
				ENABLE_TESTABILITY = YES;
				GCC_C_LANGUAGE_STANDARD = gnu11;
				GCC_DYNAMIC_NO_PIC = NO;
				GCC_NO_COMMON_BLOCKS = YES;
				GCC_OPTIMIZATION_LEVEL = 0;
				GCC_PREPROCESSOR_DEFINITIONS = (
					"DEBUG=1",
					"$(inherited)",
				);
				GCC_WARN_64_TO_32_BIT_CONVERSION = YES;
				GCC_WARN_ABOUT_RETURN_TYPE = YES_ERROR;
				GCC_WARN_UNDECLARED_SELECTOR = YES;
				GCC_WARN_UNINITIALIZED_AUTOS = YES_AGGRESSIVE;
				GCC_WARN_UNUSED_FUNCTION = YES;
				GCC_WARN_UNUSED_VARIABLE = YES;
				IPHONEOS_DEPLOYMENT_TARGET = 16.2;
				MTL_ENABLE_DEBUG_INFO = INCLUDE_SOURCE;
				MTL_FAST_MATH = YES;
				ONLY_ACTIVE_ARCH = YES;
				SDKROOT = iphoneos;
			};
			name = Debug;
		};
		65EEEDF429DFC65F0067895E /* Release */ = {
			isa = XCBuildConfiguration;
			buildSettings = {
				ALWAYS_SEARCH_USER_PATHS = NO;
				CLANG_ANALYZER_NONNULL = YES;
				CLANG_ANALYZER_NUMBER_OBJECT_CONVERSION = YES_AGGRESSIVE;
				CLANG_CXX_LANGUAGE_STANDARD = "gnu++20";
				CLANG_ENABLE_MODULES = YES;
				CLANG_ENABLE_OBJC_ARC = YES;
				CLANG_ENABLE_OBJC_WEAK = YES;
				CLANG_WARN_BLOCK_CAPTURE_AUTORELEASING = YES;
				CLANG_WARN_BOOL_CONVERSION = YES;
				CLANG_WARN_COMMA = YES;
				CLANG_WARN_CONSTANT_CONVERSION = YES;
				CLANG_WARN_DEPRECATED_OBJC_IMPLEMENTATIONS = YES;
				CLANG_WARN_DIRECT_OBJC_ISA_USAGE = YES_ERROR;
				CLANG_WARN_DOCUMENTATION_COMMENTS = YES;
				CLANG_WARN_EMPTY_BODY = YES;
				CLANG_WARN_ENUM_CONVERSION = YES;
				CLANG_WARN_INFINITE_RECURSION = YES;
				CLANG_WARN_INT_CONVERSION = YES;
				CLANG_WARN_NON_LITERAL_NULL_CONVERSION = YES;
				CLANG_WARN_OBJC_IMPLICIT_RETAIN_SELF = YES;
				CLANG_WARN_OBJC_LITERAL_CONVERSION = YES;
				CLANG_WARN_OBJC_ROOT_CLASS = YES_ERROR;
				CLANG_WARN_QUOTED_INCLUDE_IN_FRAMEWORK_HEADER = YES;
				CLANG_WARN_RANGE_LOOP_ANALYSIS = YES;
				CLANG_WARN_STRICT_PROTOTYPES = YES;
				CLANG_WARN_SUSPICIOUS_MOVE = YES;
				CLANG_WARN_UNGUARDED_AVAILABILITY = YES_AGGRESSIVE;
				CLANG_WARN_UNREACHABLE_CODE = YES;
				CLANG_WARN__DUPLICATE_METHOD_MATCH = YES;
				COPY_PHASE_STRIP = NO;
				DEBUG_INFORMATION_FORMAT = "dwarf-with-dsym";
				ENABLE_NS_ASSERTIONS = NO;
				ENABLE_STRICT_OBJC_MSGSEND = YES;
				GCC_C_LANGUAGE_STANDARD = gnu11;
				GCC_NO_COMMON_BLOCKS = YES;
				GCC_WARN_64_TO_32_BIT_CONVERSION = YES;
				GCC_WARN_ABOUT_RETURN_TYPE = YES_ERROR;
				GCC_WARN_UNDECLARED_SELECTOR = YES;
				GCC_WARN_UNINITIALIZED_AUTOS = YES_AGGRESSIVE;
				GCC_WARN_UNUSED_FUNCTION = YES;
				GCC_WARN_UNUSED_VARIABLE = YES;
				IPHONEOS_DEPLOYMENT_TARGET = 16.2;
				MTL_ENABLE_DEBUG_INFO = NO;
				MTL_FAST_MATH = YES;
				SDKROOT = iphoneos;
				VALIDATE_PRODUCT = YES;
			};
			name = Release;
		};
		65EEEDF629DFC65F0067895E /* Debug */ = {
			isa = XCBuildConfiguration;
			buildSettings = {
				ASSETCATALOG_COMPILER_APPICON_NAME = AppIcon;
				ASSETCATALOG_COMPILER_GLOBAL_ACCENT_COLOR_NAME = AccentColor;
				CODE_SIGN_STYLE = Automatic;
				CURRENT_PROJECT_VERSION = 1;
				DEVELOPMENT_TEAM = PPK3DN63AU;
				GENERATE_INFOPLIST_FILE = YES;
				INFOPLIST_FILE = CTMediatorDemo/Info.plist;
				INFOPLIST_KEY_UIApplicationSupportsIndirectInputEvents = YES;
				INFOPLIST_KEY_UILaunchStoryboardName = LaunchScreen;
				INFOPLIST_KEY_UIMainStoryboardFile = Main;
				INFOPLIST_KEY_UISupportedInterfaceOrientations_iPad = "UIInterfaceOrientationPortrait UIInterfaceOrientationPortraitUpsideDown UIInterfaceOrientationLandscapeLeft UIInterfaceOrientationLandscapeRight";
				INFOPLIST_KEY_UISupportedInterfaceOrientations_iPhone = "UIInterfaceOrientationPortrait UIInterfaceOrientationLandscapeLeft UIInterfaceOrientationLandscapeRight";
				LD_RUNPATH_SEARCH_PATHS = (
					"$(inherited)",
					"@executable_path/Frameworks",
				);
				MARKETING_VERSION = 1.0;
				PRODUCT_BUNDLE_IDENTIFIER = pei.com.cn.CTMediatorDemo;
				PRODUCT_NAME = "$(TARGET_NAME)";
				SWIFT_EMIT_LOC_STRINGS = YES;
				TARGETED_DEVICE_FAMILY = "1,2";
			};
			name = Debug;
		};
		65EEEDF729DFC65F0067895E /* Release */ = {
			isa = XCBuildConfiguration;
			buildSettings = {
				ASSETCATALOG_COMPILER_APPICON_NAME = AppIcon;
				ASSETCATALOG_COMPILER_GLOBAL_ACCENT_COLOR_NAME = AccentColor;
				CODE_SIGN_STYLE = Automatic;
				CURRENT_PROJECT_VERSION = 1;
				DEVELOPMENT_TEAM = PPK3DN63AU;
				GENERATE_INFOPLIST_FILE = YES;
				INFOPLIST_FILE = CTMediatorDemo/Info.plist;
				INFOPLIST_KEY_UIApplicationSupportsIndirectInputEvents = YES;
				INFOPLIST_KEY_UILaunchStoryboardName = LaunchScreen;
				INFOPLIST_KEY_UIMainStoryboardFile = Main;
				INFOPLIST_KEY_UISupportedInterfaceOrientations_iPad = "UIInterfaceOrientationPortrait UIInterfaceOrientationPortraitUpsideDown UIInterfaceOrientationLandscapeLeft UIInterfaceOrientationLandscapeRight";
				INFOPLIST_KEY_UISupportedInterfaceOrientations_iPhone = "UIInterfaceOrientationPortrait UIInterfaceOrientationLandscapeLeft UIInterfaceOrientationLandscapeRight";
				LD_RUNPATH_SEARCH_PATHS = (
					"$(inherited)",
					"@executable_path/Frameworks",
				);
				MARKETING_VERSION = 1.0;
				PRODUCT_BUNDLE_IDENTIFIER = pei.com.cn.CTMediatorDemo;
				PRODUCT_NAME = "$(TARGET_NAME)";
				SWIFT_EMIT_LOC_STRINGS = YES;
				TARGETED_DEVICE_FAMILY = "1,2";
			};
			name = Release;
		};
/* End XCBuildConfiguration section */

/* Begin XCConfigurationList section */
		65EEEDD729DFC65D0067895E /* Build configuration list for PBXProject "CTMediatorDemo" */ = {
			isa = XCConfigurationList;
			buildConfigurations = (
				65EEEDF329DFC65F0067895E /* Debug */,
				65EEEDF429DFC65F0067895E /* Release */,
			);
			defaultConfigurationIsVisible = 0;
			defaultConfigurationName = Release;
		};
		65EEEDF529DFC65F0067895E /* Build configuration list for PBXNativeTarget "CTMediatorDemo" */ = {
			isa = XCConfigurationList;
			buildConfigurations = (
				65EEEDF629DFC65F0067895E /* Debug */,
				65EEEDF729DFC65F0067895E /* Release */,
			);
			defaultConfigurationIsVisible = 0;
			defaultConfigurationName = Release;
		};
/* End XCConfigurationList section */
	};
	rootObject = 65EEEDD429DFC65D0067895E /* Project object */;
}
